{
  "version": 4,
  "terraform_version": "1.10.5",
  "serial": 385,
  "lineage": "da25abd7-8d3c-3317-471e-6e219bb59c2b",
  "outputs": {},
  "resources": [
    {
      "mode": "data",
      "type": "azurerm_client_config",
      "name": "current",
      "provider": "provider[\"registry.terraform.io/hashicorp/azurerm\"]",
      "instances": [
        {
          "schema_version": 0,
          "attributes": {
            "client_id": "04b07795-8ddb-461a-bbee-02f9e1bf7b46",
            "id": "2025-04-28 07:37:38.363755071 +0000 UTC",
            "object_id": "",
            "subscription_id": "8cbe2d42-5cde-4551-9e4d-dde06c043c64",
            "tenant_id": "9b81eef9-27e0-40b9-a26b-1c5e4eb5b1ba",
            "timeouts": null
          },
          "sensitive_attributes": []
        }
      ]
    },
    {
      "mode": "managed",
      "type": "azurerm_resource_group",
      "name": "this",
      "provider": "provider[\"registry.terraform.io/hashicorp/azurerm\"]",
      "instances": [
        {
          "schema_version": 0,
          "attributes": {
            "id": "/subscriptions/8cbe2d42-5cde-4551-9e4d-dde06c043c64/resourceGroups/rg-secureapp",
            "location": "eastus",
            "name": "rg-secureapp",
            "tags": {},
            "timeouts": null
          },
          "sensitive_attributes": [],
          "private": "eyJlMmJmYjczMC1lY2FhLTExZTYtOGY4OC0zNDM2M2JjN2M0YzAiOnsiY3JlYXRlIjo1NDAwMDAwMDAwMDAwLCJkZWxldGUiOjU0MDAwMDAwMDAwMDAsInJlYWQiOjMwMDAwMDAwMDAwMCwidXBkYXRlIjo1NDAwMDAwMDAwMDAwfX0="
        }
      ]
    },
    {
      "module": "module.keyvault",
      "mode": "managed",
      "type": "azurerm_key_vault",
      "name": "this",
      "provider": "provider[\"registry.terraform.io/hashicorp/azurerm\"]",
      "instances": [
        {
          "schema_version": 2,
          "attributes": {
            "access_policy": [],
            "contact": [],
            "enable_rbac_authorization": true,
            "enabled_for_deployment": false,
            "enabled_for_disk_encryption": false,
            "enabled_for_template_deployment": false,
            "id": "/subscriptions/8cbe2d42-5cde-4551-9e4d-dde06c043c64/resourceGroups/rg-secureapp/providers/Microsoft.KeyVault/vaults/secureapp-kv",
            "location": "eastus",
            "name": "secureapp-kv",
            "network_acls": [
              {
                "bypass": "AzureServices",
                "default_action": "Deny",
                "ip_rules": [
                  "103.197.206.34/32"
                ],
                "virtual_network_subnet_ids": []
              }
            ],
            "purge_protection_enabled": false,
            "resource_group_name": "rg-secureapp",
            "sku_name": "standard",
            "soft_delete_retention_days": 7,
            "tags": {},
            "tenant_id": "9b81eef9-27e0-40b9-a26b-1c5e4eb5b1ba",
            "timeouts": null,
            "vault_uri": "https://secureapp-kv.vault.azure.net/"
          },
          "sensitive_attributes": [],
          "private": "eyJlMmJmYjczMC1lY2FhLTExZTYtOGY4OC0zNDM2M2JjN2M0YzAiOnsiY3JlYXRlIjoxODAwMDAwMDAwMDAwLCJkZWxldGUiOjE4MDAwMDAwMDAwMDAsInJlYWQiOjMwMDAwMDAwMDAwMCwidXBkYXRlIjoxODAwMDAwMDAwMDAwfSwic2NoZW1hX3ZlcnNpb24iOiIyIn0=",
          "dependencies": [
            "azurerm_resource_group.this",
            "data.azurerm_client_config.current"
          ]
        }
      ]
    },
    {
      "module": "module.keyvault",
      "mode": "managed",
      "type": "azurerm_key_vault_secret",
      "name": "admin_password",
      "provider": "provider[\"registry.terraform.io/hashicorp/azurerm\"]",
      "instances": [
        {
          "schema_version": 0,
          "attributes": {
            "content_type": "",
            "expiration_date": null,
            "id": "https://secureapp-kv.vault.azure.net/secrets/admin-password/9704a10bbf08448fb20fc55acda4e3d7",
            "key_vault_id": "/subscriptions/8cbe2d42-5cde-4551-9e4d-dde06c043c64/resourceGroups/rg-secureapp/providers/Microsoft.KeyVault/vaults/secureapp-kv",
            "name": "admin-password",
            "not_before_date": null,
            "tags": {},
            "timeouts": null,
            "value": "SomeSecurePassword123!",
            "version": "9704a10bbf08448fb20fc55acda4e3d7",
            "versionless_id": "https://secureapp-kv.vault.azure.net/secrets/admin-password"
          },
          "sensitive_attributes": [
            [
              {
                "type": "get_attr",
                "value": "value"
              }
            ]
          ],
          "private": "eyJlMmJmYjczMC1lY2FhLTExZTYtOGY4OC0zNDM2M2JjN2M0YzAiOnsiY3JlYXRlIjoxODAwMDAwMDAwMDAwLCJkZWxldGUiOjE4MDAwMDAwMDAwMDAsInJlYWQiOjMwMDAwMDAwMDAwMCwidXBkYXRlIjoxODAwMDAwMDAwMDAwfX0=",
          "dependencies": [
            "azurerm_resource_group.this",
            "data.azurerm_client_config.current",
            "module.keyvault.azurerm_key_vault.this",
            "module.keyvault.azurerm_role_assignment.keyvault_access",
            "module.vm.azurerm_linux_virtual_machine.this",
            "module.vm.azurerm_network_interface.this",
            "module.vm.azurerm_public_ip.bastion",
            "module.vnet.azurerm_network_ddos_protection_plan.this",
            "module.vnet.azurerm_subnet.app",
            "module.vnet.azurerm_virtual_network.this"
          ]
        }
      ]
    },
    {
      "module": "module.keyvault",
      "mode": "managed",
      "type": "azurerm_role_assignment",
      "name": "keyvault_access",
      "provider": "provider[\"registry.terraform.io/hashicorp/azurerm\"]",
      "instances": [
        {
          "schema_version": 0,
          "attributes": {
            "condition": "",
            "condition_version": "",
            "delegated_managed_identity_resource_id": "",
            "description": "",
            "id": "/subscriptions/8cbe2d42-5cde-4551-9e4d-dde06c043c64/resourceGroups/rg-secureapp/providers/Microsoft.KeyVault/vaults/secureapp-kv/providers/Microsoft.Authorization/roleAssignments/777411ca-b0d9-83df-40bb-0e150cf4f1fb",
            "name": "777411ca-b0d9-83df-40bb-0e150cf4f1fb",
            "principal_id": "dbd71b6c-afff-4c6f-9a1d-d91fad686f40",
            "principal_type": "ServicePrincipal",
            "role_definition_id": "/subscriptions/8cbe2d42-5cde-4551-9e4d-dde06c043c64/providers/Microsoft.Authorization/roleDefinitions/4633458b-17de-408a-b874-0445c86b69e6",
            "role_definition_name": "Key Vault Secrets User",
            "scope": "/subscriptions/8cbe2d42-5cde-4551-9e4d-dde06c043c64/resourceGroups/rg-secureapp/providers/Microsoft.KeyVault/vaults/secureapp-kv",
            "skip_service_principal_aad_check": null,
            "timeouts": null
          },
          "sensitive_attributes": [],
          "private": "eyJlMmJmYjczMC1lY2FhLTExZTYtOGY4OC0zNDM2M2JjN2M0YzAiOnsiY3JlYXRlIjoxODAwMDAwMDAwMDAwLCJkZWxldGUiOjE4MDAwMDAwMDAwMDAsInJlYWQiOjMwMDAwMDAwMDAwMCwidXBkYXRlIjoxODAwMDAwMDAwMDAwfX0=",
          "dependencies": [
            "azurerm_resource_group.this",
            "data.azurerm_client_config.current",
            "module.keyvault.azurerm_key_vault.this",
            "module.vm.azurerm_linux_virtual_machine.this",
            "module.vm.azurerm_network_interface.this",
            "module.vm.azurerm_public_ip.bastion",
            "module.vnet.azurerm_network_ddos_protection_plan.this",
            "module.vnet.azurerm_subnet.app",
            "module.vnet.azurerm_virtual_network.this"
          ]
        }
      ]
    },
    {
      "module": "module.vm",
      "mode": "managed",
      "type": "azurerm_linux_virtual_machine",
      "name": "this",
      "provider": "provider[\"registry.terraform.io/hashicorp/azurerm\"]",
      "instances": [
        {
          "schema_version": 0,
          "attributes": {
            "additional_capabilities": [],
            "admin_password": null,
            "admin_ssh_key": [
              {
                "public_key": "ssh-rsa AAAAB3NzaC1yc2EAAAADAQABAAACAQCQcIvIlpUAN+C/IyRga89KM3irsStJv9V5Uov7wxcUgkuyzxn+ao/euLMziyfuTv7Ah5fpYhcbBgc4HiLq7X0o0P6HHX2kZcj6yAIEDJknK+alOuPDCMTcpS9VOMLSZLjm9IGgKX3LvmzAThMzLdn0c2IVuF+mN35fRVhhvDrlo/bel8iszP1uch/pwxSvW3AQqBwRAR0g7qnbAJjadd7hV2U9pl8HEH6J3oqYRCKjt1vTIMuiZLeCnnUUzXQd21yDL7nt7oLkYMB9W3g+heHMwbTrCy2WyqODh5sMXE87TtaBclrIiekN6ZbJHHDRkNxsNBXspaKDOt/9rHemf6FafP0ef3nAovAuQiqDvUKW1+6x97b4LTlCe/ljvjX+NdX5Ldv4G/k9S11hOvCQBCkW5LnLYCZ2cE02oOKUzCgXpioCryFV9Pp2Py9Tc9T8M+/yAknUehBgShYDBAGt+H1lqeBAv4VXODZZ1rmh9VDoUquQRHogWqjlvCLQSSLLLv3uL2mv98ymMwf6Xek7vqes03wUzdd62ca44ln5JOvuSSRA8Vxf6GIyBszMrkuqhpPpF0L2v/BtHd1ThVECckTuHuGdvqq+zKuLztw/Pe0tqOeajOJkTmc3VDIHnFhflgSaOhNoRTAC1jIlhmGplvPFqTC8Pwhk5dpaxIauLTrPqw== ashabul.elaph@bjitgroup.com",
                "username": "adminuser"
              }
            ],
            "admin_username": "adminuser",
            "allow_extension_operations": true,
            "availability_set_id": "",
            "boot_diagnostics": [],
            "computer_name": "secureapp-vm",
            "custom_data": "IyEvYmluL2Jhc2gKCiMgRXhpdCBvbiBlcnJvcgpzZXQgLWUKCiMgVXBkYXRlIHBhY2thZ2VzCnN1ZG8gYXB0LWdldCB1cGRhdGUgLXkKCiMgSW5zdGFsbCBOZ2lueApzdWRvIGFwdC1nZXQgaW5zdGFsbCBuZ2lueCAteQoKIyBDcmVhdGUgSGVsbG8gV29ybGQgSFRNTApjYXQgPDxFT0YgfCBzdWRvIHRlZSAvdmFyL3d3dy9odG1sL2luZGV4Lmh0bWwKPGh0bWw+CiAgPGhlYWQ+PHRpdGxlPkhlbGxvIFdvcmxkPC90aXRsZT48L2hlYWQ+CiAgPGJvZHk+CiAgICA8aDE+SGVsbG8gV29ybGQgZnJvbSBBenVyZSBWTSE8L2gxPgogIDwvYm9keT4KPC9odG1sPgpFT0YKCiMgRW5hYmxlIGFuZCBzdGFydCBOZ2lueApzdWRvIHN5c3RlbWN0bCBlbmFibGUgbmdpbngKc3VkbyBzeXN0ZW1jdGwgcmVzdGFydCBuZ2lueAo=",
            "dedicated_host_group_id": "",
            "dedicated_host_id": "",
            "disable_password_authentication": true,
            "edge_zone": "",
            "encryption_at_host_enabled": false,
            "eviction_policy": "",
            "extensions_time_budget": "PT1H30M",
            "id": "/subscriptions/8cbe2d42-5cde-4551-9e4d-dde06c043c64/resourceGroups/rg-secureapp/providers/Microsoft.Compute/virtualMachines/secureapp-vm",
            "identity": [
              {
                "identity_ids": [],
                "principal_id": "dbd71b6c-afff-4c6f-9a1d-d91fad686f40",
                "tenant_id": "9b81eef9-27e0-40b9-a26b-1c5e4eb5b1ba",
                "type": "SystemAssigned"
              }
            ],
            "license_type": "",
            "location": "eastus",
            "max_bid_price": -1,
            "name": "secureapp-vm",
            "network_interface_ids": [
              "/subscriptions/8cbe2d42-5cde-4551-9e4d-dde06c043c64/resourceGroups/rg-secureapp/providers/Microsoft.Network/networkInterfaces/secureapp-nic"
            ],
            "os_disk": [
              {
                "caching": "ReadWrite",
                "diff_disk_settings": [],
                "disk_encryption_set_id": "",
                "disk_size_gb": 30,
                "name": "secureapp-osdisk",
                "secure_vm_disk_encryption_set_id": "",
                "security_encryption_type": "",
                "storage_account_type": "Standard_LRS",
                "write_accelerator_enabled": false
              }
            ],
            "patch_mode": "ImageDefault",
            "plan": [],
            "platform_fault_domain": -1,
            "priority": "Regular",
            "private_ip_address": "10.0.1.4",
            "private_ip_addresses": [
              "10.0.1.4"
            ],
            "provision_vm_agent": true,
            "proximity_placement_group_id": "",
            "public_ip_address": "172.191.135.40",
            "public_ip_addresses": [
              "172.191.135.40"
            ],
            "resource_group_name": "rg-secureapp",
            "secret": [],
            "secure_boot_enabled": false,
            "size": "Standard_B1s",
            "source_image_id": "",
            "source_image_reference": [
              {
                "offer": "0001-com-ubuntu-server-jammy",
                "publisher": "Canonical",
                "sku": "22_04-lts",
                "version": "latest"
              }
            ],
            "tags": {
              "environment": "production"
            },
            "termination_notification": [],
            "timeouts": null,
            "user_data": "",
            "virtual_machine_id": "44aedff5-555b-4e24-8c52-98378046a200",
            "virtual_machine_scale_set_id": "",
            "vtpm_enabled": false,
            "zone": ""
          },
          "sensitive_attributes": [
            [
              {
                "type": "get_attr",
                "value": "custom_data"
              }
            ],
            [
              {
                "type": "get_attr",
                "value": "admin_password"
              }
            ]
          ],
          "private": "eyJlMmJmYjczMC1lY2FhLTExZTYtOGY4OC0zNDM2M2JjN2M0YzAiOnsiY3JlYXRlIjoyNzAwMDAwMDAwMDAwLCJkZWxldGUiOjI3MDAwMDAwMDAwMDAsInJlYWQiOjMwMDAwMDAwMDAwMCwidXBkYXRlIjoyNzAwMDAwMDAwMDAwfX0=",
          "dependencies": [
            "azurerm_resource_group.this",
            "module.vm.azurerm_network_interface.this",
            "module.vm.azurerm_public_ip.bastion",
            "module.vnet.azurerm_network_ddos_protection_plan.this",
            "module.vnet.azurerm_subnet.app",
            "module.vnet.azurerm_virtual_network.this"
          ]
        }
      ]
    },
    {
      "module": "module.vm",
      "mode": "managed",
      "type": "azurerm_network_interface",
      "name": "this",
      "provider": "provider[\"registry.terraform.io/hashicorp/azurerm\"]",
      "instances": [
        {
          "schema_version": 0,
          "attributes": {
            "applied_dns_servers": [],
            "dns_servers": [],
            "edge_zone": "",
            "enable_accelerated_networking": false,
            "enable_ip_forwarding": false,
            "id": "/subscriptions/8cbe2d42-5cde-4551-9e4d-dde06c043c64/resourceGroups/rg-secureapp/providers/Microsoft.Network/networkInterfaces/secureapp-nic",
            "internal_dns_name_label": "",
            "internal_domain_name_suffix": "jq5pyz2irv2ezpwci5ay3fqxaf.bx.internal.cloudapp.net",
            "ip_configuration": [
              {
                "gateway_load_balancer_frontend_ip_configuration_id": "",
                "name": "internal",
                "primary": true,
                "private_ip_address": "10.0.1.4",
                "private_ip_address_allocation": "Dynamic",
                "private_ip_address_version": "IPv4",
                "public_ip_address_id": "/subscriptions/8cbe2d42-5cde-4551-9e4d-dde06c043c64/resourceGroups/rg-secureapp/providers/Microsoft.Network/publicIPAddresses/secureapp-bastion-pip",
                "subnet_id": "/subscriptions/8cbe2d42-5cde-4551-9e4d-dde06c043c64/resourceGroups/rg-secureapp/providers/Microsoft.Network/virtualNetworks/secureapp-vnet/subnets/app-subnet"
              }
            ],
            "location": "eastus",
            "mac_address": "00-0D-3A-56-D8-FC",
            "name": "secureapp-nic",
            "private_ip_address": "10.0.1.4",
            "private_ip_addresses": [
              "10.0.1.4"
            ],
            "resource_group_name": "rg-secureapp",
            "tags": {},
            "timeouts": null,
            "virtual_machine_id": "/subscriptions/8cbe2d42-5cde-4551-9e4d-dde06c043c64/resourceGroups/rg-secureapp/providers/Microsoft.Compute/virtualMachines/secureapp-vm"
          },
          "sensitive_attributes": [],
          "private": "eyJlMmJmYjczMC1lY2FhLTExZTYtOGY4OC0zNDM2M2JjN2M0YzAiOnsiY3JlYXRlIjoxODAwMDAwMDAwMDAwLCJkZWxldGUiOjE4MDAwMDAwMDAwMDAsInJlYWQiOjMwMDAwMDAwMDAwMCwidXBkYXRlIjoxODAwMDAwMDAwMDAwfX0=",
          "dependencies": [
            "azurerm_resource_group.this",
            "module.vm.azurerm_public_ip.bastion",
            "module.vnet.azurerm_network_ddos_protection_plan.this",
            "module.vnet.azurerm_subnet.app",
            "module.vnet.azurerm_virtual_network.this"
          ]
        }
      ]
    },
    {
      "module": "module.vm",
      "mode": "managed",
      "type": "azurerm_public_ip",
      "name": "bastion",
      "provider": "provider[\"registry.terraform.io/hashicorp/azurerm\"]",
      "instances": [
        {
          "schema_version": 0,
          "attributes": {
            "allocation_method": "Static",
            "domain_name_label": null,
            "edge_zone": "",
            "fqdn": null,
            "id": "/subscriptions/8cbe2d42-5cde-4551-9e4d-dde06c043c64/resourceGroups/rg-secureapp/providers/Microsoft.Network/publicIPAddresses/secureapp-bastion-pip",
            "idle_timeout_in_minutes": 4,
            "ip_address": "172.191.135.40",
            "ip_tags": {},
            "ip_version": "IPv4",
            "location": "eastus",
            "name": "secureapp-bastion-pip",
            "public_ip_prefix_id": null,
            "resource_group_name": "rg-secureapp",
            "reverse_fqdn": null,
            "sku": "Standard",
            "sku_tier": "Regional",
            "tags": {},
            "timeouts": null,
            "zones": []
          },
          "sensitive_attributes": [],
          "private": "eyJlMmJmYjczMC1lY2FhLTExZTYtOGY4OC0zNDM2M2JjN2M0YzAiOnsiY3JlYXRlIjoxODAwMDAwMDAwMDAwLCJkZWxldGUiOjE4MDAwMDAwMDAwMDAsInJlYWQiOjMwMDAwMDAwMDAwMCwidXBkYXRlIjoxODAwMDAwMDAwMDAwfX0=",
          "dependencies": [
            "azurerm_resource_group.this"
          ]
        }
      ]
    },
    {
      "module": "module.vnet",
      "mode": "managed",
      "type": "azurerm_network_ddos_protection_plan",
      "name": "this",
      "provider": "provider[\"registry.terraform.io/hashicorp/azurerm\"]",
      "instances": [
        {
          "schema_version": 0,
          "attributes": {
            "id": "/subscriptions/8cbe2d42-5cde-4551-9e4d-dde06c043c64/resourceGroups/rg-secureapp/providers/Microsoft.Network/ddosProtectionPlans/secureapp-ddos-plan",
            "location": "eastus",
            "name": "secureapp-ddos-plan",
            "resource_group_name": "rg-secureapp",
            "tags": {},
            "timeouts": null,
            "virtual_network_ids": [
              "/subscriptions/8cbe2d42-5cde-4551-9e4d-dde06c043c64/resourceGroups/rg-secureapp/providers/Microsoft.Network/virtualNetworks/secureapp-vnet"
            ]
          },
          "sensitive_attributes": [],
          "private": "eyJlMmJmYjczMC1lY2FhLTExZTYtOGY4OC0zNDM2M2JjN2M0YzAiOnsiY3JlYXRlIjoxODAwMDAwMDAwMDAwLCJkZWxldGUiOjE4MDAwMDAwMDAwMDAsInJlYWQiOjMwMDAwMDAwMDAwMCwidXBkYXRlIjoxODAwMDAwMDAwMDAwfX0=",
          "dependencies": [
            "azurerm_resource_group.this"
          ]
        }
      ]
    },
    {
      "module": "module.vnet",
      "mode": "managed",
      "type": "azurerm_subnet",
      "name": "app",
      "provider": "provider[\"registry.terraform.io/hashicorp/azurerm\"]",
      "instances": [
        {
          "schema_version": 0,
          "attributes": {
            "address_prefixes": [
              "10.0.1.0/24"
            ],
            "delegation": [],
            "enforce_private_link_endpoint_network_policies": false,
            "enforce_private_link_service_network_policies": false,
            "id": "/subscriptions/8cbe2d42-5cde-4551-9e4d-dde06c043c64/resourceGroups/rg-secureapp/providers/Microsoft.Network/virtualNetworks/secureapp-vnet/subnets/app-subnet",
            "name": "app-subnet",
            "resource_group_name": "rg-secureapp",
            "service_endpoint_policy_ids": [],
            "service_endpoints": [],
            "timeouts": null,
            "virtual_network_name": "secureapp-vnet"
          },
          "sensitive_attributes": [],
          "private": "eyJlMmJmYjczMC1lY2FhLTExZTYtOGY4OC0zNDM2M2JjN2M0YzAiOnsiY3JlYXRlIjoxODAwMDAwMDAwMDAwLCJkZWxldGUiOjE4MDAwMDAwMDAwMDAsInJlYWQiOjMwMDAwMDAwMDAwMCwidXBkYXRlIjoxODAwMDAwMDAwMDAwfX0=",
          "dependencies": [
            "azurerm_resource_group.this",
            "module.vnet.azurerm_network_ddos_protection_plan.this",
            "module.vnet.azurerm_virtual_network.this"
          ]
        }
      ]
    },
    {
      "module": "module.vnet",
      "mode": "managed",
      "type": "azurerm_virtual_network",
      "name": "this",
      "provider": "provider[\"registry.terraform.io/hashicorp/azurerm\"]",
      "instances": [
        {
          "schema_version": 0,
          "attributes": {
            "address_space": [
              "10.0.0.0/16"
            ],
            "bgp_community": "",
            "ddos_protection_plan": [
              {
                "enable": true,
                "id": "/subscriptions/8cbe2d42-5cde-4551-9e4d-dde06c043c64/resourceGroups/rg-secureapp/providers/Microsoft.Network/ddosProtectionPlans/secureapp-ddos-plan"
              }
            ],
            "dns_servers": [],
            "edge_zone": "",
            "flow_timeout_in_minutes": 0,
            "guid": "67fc3e4c-8d88-4c78-bec2-47c18e961705",
            "id": "/subscriptions/8cbe2d42-5cde-4551-9e4d-dde06c043c64/resourceGroups/rg-secureapp/providers/Microsoft.Network/virtualNetworks/secureapp-vnet",
            "location": "eastus",
            "name": "secureapp-vnet",
            "resource_group_name": "rg-secureapp",
            "subnet": [
              {
                "address_prefix": "10.0.1.0/24",
                "id": "/subscriptions/8cbe2d42-5cde-4551-9e4d-dde06c043c64/resourceGroups/rg-secureapp/providers/Microsoft.Network/virtualNetworks/secureapp-vnet/subnets/app-subnet",
                "name": "app-subnet",
                "security_group": ""
              }
            ],
            "tags": {},
            "timeouts": null
          },
          "sensitive_attributes": [],
          "private": "eyJlMmJmYjczMC1lY2FhLTExZTYtOGY4OC0zNDM2M2JjN2M0YzAiOnsiY3JlYXRlIjoxODAwMDAwMDAwMDAwLCJkZWxldGUiOjE4MDAwMDAwMDAwMDAsInJlYWQiOjMwMDAwMDAwMDAwMCwidXBkYXRlIjoxODAwMDAwMDAwMDAwfX0=",
          "dependencies": [
            "azurerm_resource_group.this",
            "module.vnet.azurerm_network_ddos_protection_plan.this"
          ]
        }
      ]
    }
  ],
  "check_results": null
}
