{
  "version": 4,
  "terraform_version": "1.10.5",
  "serial": 375,
  "lineage": "da25abd7-8d3c-3317-471e-6e219bb59c2b",
  "outputs": {
    "keyvault_uri": {
      "value": "https://secureapp-kv.vault.azure.net/",
      "type": "string"
    },
    "public_ip": {
      "value": "172.191.135.40",
      "type": "string"
    }
  },
  "resources": [
    {
      "mode": "data",
      "type": "azurerm_client_config",
      "name": "current",
      "provider": "provider[\"registry.terraform.io/hashicorp/azurerm\"]",
      "instances": [
        {
          "schema_version": 0,
          "attributes": {
            "client_id": "04b07795-8ddb-461a-bbee-02f9e1bf7b46",
            "id": "2025-04-28 06:42:00.009930514 +0000 UTC",
            "object_id": "",
            "subscription_id": "8cbe2d42-5cde-4551-9e4d-dde06c043c64",
            "tenant_id": "9b81eef9-27e0-40b9-a26b-1c5e4eb5b1ba",
            "timeouts": null
          },
          "sensitive_attributes": []
        }
      ]
    },
    {
      "mode": "managed",
      "type": "azurerm_resource_group",
      "name": "this",
      "provider": "provider[\"registry.terraform.io/hashicorp/azurerm\"]",
      "instances": [
        {
          "schema_version": 0,
          "attributes": {
            "id": "/subscriptions/8cbe2d42-5cde-4551-9e4d-dde06c043c64/resourceGroups/rg-secureapp",
            "location": "eastus",
            "name": "rg-secureapp",
            "tags": null,
            "timeouts": null
          },
          "sensitive_attributes": [],
          "private": "eyJlMmJmYjczMC1lY2FhLTExZTYtOGY4OC0zNDM2M2JjN2M0YzAiOnsiY3JlYXRlIjo1NDAwMDAwMDAwMDAwLCJkZWxldGUiOjU0MDAwMDAwMDAwMDAsInJlYWQiOjMwMDAwMDAwMDAwMCwidXBkYXRlIjo1NDAwMDAwMDAwMDAwfX0="
        }
      ]
    },
    {
      "module": "module.keyvault",
      "mode": "managed",
      "type": "azurerm_key_vault",
      "name": "this",
      "provider": "provider[\"registry.terraform.io/hashicorp/azurerm\"]",
      "instances": [
        {
          "schema_version": 2,
          "attributes": {
            "access_policy": [],
            "contact": [],
            "enable_rbac_authorization": true,
            "enabled_for_deployment": false,
            "enabled_for_disk_encryption": false,
            "enabled_for_template_deployment": false,
            "id": "/subscriptions/8cbe2d42-5cde-4551-9e4d-dde06c043c64/resourceGroups/rg-secureapp/providers/Microsoft.KeyVault/vaults/secureapp-kv",
            "location": "eastus",
            "name": "secureapp-kv",
            "network_acls": [
              {
                "bypass": "AzureServices",
                "default_action": "Deny",
                "ip_rules": [
                  "103.197.206.34"
                ],
                "virtual_network_subnet_ids": null
              }
            ],
            "purge_protection_enabled": false,
            "resource_group_name": "rg-secureapp",
            "sku_name": "standard",
            "soft_delete_retention_days": 7,
            "tags": null,
            "tenant_id": "9b81eef9-27e0-40b9-a26b-1c5e4eb5b1ba",
            "timeouts": null,
            "vault_uri": "https://secureapp-kv.vault.azure.net/"
          },
          "sensitive_attributes": [],
          "private": "eyJlMmJmYjczMC1lY2FhLTExZTYtOGY4OC0zNDM2M2JjN2M0YzAiOnsiY3JlYXRlIjoxODAwMDAwMDAwMDAwLCJkZWxldGUiOjE4MDAwMDAwMDAwMDAsInJlYWQiOjMwMDAwMDAwMDAwMCwidXBkYXRlIjoxODAwMDAwMDAwMDAwfSwic2NoZW1hX3ZlcnNpb24iOiIyIn0=",
          "dependencies": [
            "azurerm_resource_group.this",
            "data.azurerm_client_config.current"
          ]
        }
      ]
    },
    {
      "module": "module.keyvault",
      "mode": "managed",
      "type": "azurerm_key_vault_secret",
      "name": "admin_password",
      "provider": "provider[\"registry.terraform.io/hashicorp/azurerm\"]",
      "instances": [
        {
          "schema_version": 0,
          "attributes": {
            "content_type": "",
            "expiration_date": null,
            "id": "https://secureapp-kv.vault.azure.net/secrets/admin-password/9704a10bbf08448fb20fc55acda4e3d7",
            "key_vault_id": "/subscriptions/8cbe2d42-5cde-4551-9e4d-dde06c043c64/resourceGroups/rg-secureapp/providers/Microsoft.KeyVault/vaults/secureapp-kv",
            "name": "admin-password",
            "not_before_date": null,
            "tags": null,
            "timeouts": null,
            "value": "SomeSecurePassword123!",
            "version": "9704a10bbf08448fb20fc55acda4e3d7",
            "versionless_id": "https://secureapp-kv.vault.azure.net/secrets/admin-password"
          },
          "sensitive_attributes": [
            [
              {
                "type": "get_attr",
                "value": "value"
              }
            ]
          ],
          "private": "eyJlMmJmYjczMC1lY2FhLTExZTYtOGY4OC0zNDM2M2JjN2M0YzAiOnsiY3JlYXRlIjoxODAwMDAwMDAwMDAwLCJkZWxldGUiOjE4MDAwMDAwMDAwMDAsInJlYWQiOjMwMDAwMDAwMDAwMCwidXBkYXRlIjoxODAwMDAwMDAwMDAwfX0=",
          "dependencies": [
            "azurerm_resource_group.this",
            "data.azurerm_client_config.current",
            "module.keyvault.azurerm_key_vault.this",
            "module.keyvault.azurerm_role_assignment.keyvault_access",
            "module.vm.azurerm_linux_virtual_machine.this",
            "module.vm.azurerm_network_interface.this",
            "module.vm.azurerm_public_ip.bastion",
            "module.vnet.azurerm_network_ddos_protection_plan.this",
            "module.vnet.azurerm_subnet.app",
            "module.vnet.azurerm_virtual_network.this"
          ]
        }
      ]
    },
    {
      "module": "module.keyvault",
      "mode": "managed",
      "type": "azurerm_role_assignment",
      "name": "keyvault_access",
      "provider": "provider[\"registry.terraform.io/hashicorp/azurerm\"]",
      "instances": [
        {
          "schema_version": 0,
          "attributes": {
            "condition": "",
            "condition_version": "",
            "delegated_managed_identity_resource_id": "",
            "description": "",
            "id": "/subscriptions/8cbe2d42-5cde-4551-9e4d-dde06c043c64/resourceGroups/rg-secureapp/providers/Microsoft.KeyVault/vaults/secureapp-kv/providers/Microsoft.Authorization/roleAssignments/777411ca-b0d9-83df-40bb-0e150cf4f1fb",
            "name": "777411ca-b0d9-83df-40bb-0e150cf4f1fb",
            "principal_id": "dbd71b6c-afff-4c6f-9a1d-d91fad686f40",
            "principal_type": "ServicePrincipal",
            "role_definition_id": "/subscriptions/8cbe2d42-5cde-4551-9e4d-dde06c043c64/providers/Microsoft.Authorization/roleDefinitions/4633458b-17de-408a-b874-0445c86b69e6",
            "role_definition_name": "Key Vault Secrets User",
            "scope": "/subscriptions/8cbe2d42-5cde-4551-9e4d-dde06c043c64/resourceGroups/rg-secureapp/providers/Microsoft.KeyVault/vaults/secureapp-kv",
            "skip_service_principal_aad_check": null,
            "timeouts": null
          },
          "sensitive_attributes": [],
          "private": "eyJlMmJmYjczMC1lY2FhLTExZTYtOGY4OC0zNDM2M2JjN2M0YzAiOnsiY3JlYXRlIjoxODAwMDAwMDAwMDAwLCJkZWxldGUiOjE4MDAwMDAwMDAwMDAsInJlYWQiOjMwMDAwMDAwMDAwMCwidXBkYXRlIjoxODAwMDAwMDAwMDAwfX0=",
          "dependencies": [
            "azurerm_resource_group.this",
            "data.azurerm_client_config.current",
            "module.keyvault.azurerm_key_vault.this",
            "module.vm.azurerm_linux_virtual_machine.this",
            "module.vm.azurerm_network_interface.this",
            "module.vm.azurerm_public_ip.bastion",
            "module.vnet.azurerm_network_ddos_protection_plan.this",
            "module.vnet.azurerm_subnet.app",
            "module.vnet.azurerm_virtual_network.this"
          ]
        }
      ]
    },
    {
      "module": "module.monitoring",
      "mode": "managed",
      "type": "azurerm_log_analytics_workspace",
      "name": "this",
      "provider": "provider[\"registry.terraform.io/hashicorp/azurerm\"]",
      "instances": [
        {
          "schema_version": 2,
          "attributes": {
            "daily_quota_gb": -1,
            "id": "/subscriptions/8cbe2d42-5cde-4551-9e4d-dde06c043c64/resourceGroups/rg-secureapp/providers/Microsoft.OperationalInsights/workspaces/secureapp-law",
            "internet_ingestion_enabled": true,
            "internet_query_enabled": true,
            "location": "eastus",
            "name": "secureapp-law",
            "primary_shared_key": "VX3D9cHofVmrkVRMqwd16RheyCB2S2jWQV9z5OSGcCc2VqhEl8cFqXKj+pUKBlM05jUDKTsMR/x7SYC6TB24Ow==",
            "reservation_capacity_in_gb_per_day": null,
            "resource_group_name": "rg-secureapp",
            "retention_in_days": 30,
            "secondary_shared_key": "ICIuxF8Y4fhpCF+wl/cn0BGHiFPZ2H7dqPN6PZITcNc1Fa61uYugyLLlH77k0duAlZevHvtDuIpErJWvKduXUQ==",
            "sku": "PerGB2018",
            "tags": null,
            "timeouts": null,
            "workspace_id": "eadfb7c4-f641-4242-89f2-faf54df2fcb5"
          },
          "sensitive_attributes": [
            [
              {
                "type": "get_attr",
                "value": "secondary_shared_key"
              }
            ],
            [
              {
                "type": "get_attr",
                "value": "primary_shared_key"
              }
            ]
          ],
          "private": "eyJlMmJmYjczMC1lY2FhLTExZTYtOGY4OC0zNDM2M2JjN2M0YzAiOnsiY3JlYXRlIjoxODAwMDAwMDAwMDAwLCJkZWxldGUiOjE4MDAwMDAwMDAwMDAsInJlYWQiOjMwMDAwMDAwMDAwMCwidXBkYXRlIjoxODAwMDAwMDAwMDAwfSwic2NoZW1hX3ZlcnNpb24iOiIyIn0=",
          "dependencies": [
            "azurerm_resource_group.this"
          ]
        }
      ]
    },
    {
      "module": "module.monitoring",
      "mode": "managed",
      "type": "azurerm_monitor_diagnostic_setting",
      "name": "vm_logs",
      "provider": "provider[\"registry.terraform.io/hashicorp/azurerm\"]",
      "instances": [
        {
          "schema_version": 0,
          "attributes": {
            "eventhub_authorization_rule_id": "",
            "eventhub_name": "",
            "id": "/subscriptions/8cbe2d42-5cde-4551-9e4d-dde06c043c64/resourceGroups/rg-secureapp/providers/Microsoft.Compute/virtualMachines/secureapp-vm|secureapp-vm-diag",
            "log": [],
            "log_analytics_destination_type": "",
            "log_analytics_workspace_id": "/subscriptions/8cbe2d42-5cde-4551-9e4d-dde06c043c64/resourceGroups/rg-secureapp/providers/Microsoft.OperationalInsights/workspaces/secureapp-law",
            "metric": [
              {
                "category": "AllMetrics",
                "enabled": true,
                "retention_policy": []
              }
            ],
            "name": "secureapp-vm-diag",
            "storage_account_id": "",
            "target_resource_id": "/subscriptions/8cbe2d42-5cde-4551-9e4d-dde06c043c64/resourceGroups/rg-secureapp/providers/Microsoft.Compute/virtualMachines/secureapp-vm",
            "timeouts": null
          },
          "sensitive_attributes": [],
          "private": "eyJlMmJmYjczMC1lY2FhLTExZTYtOGY4OC0zNDM2M2JjN2M0YzAiOnsiY3JlYXRlIjoxODAwMDAwMDAwMDAwLCJkZWxldGUiOjM2MDAwMDAwMDAwMDAsInJlYWQiOjMwMDAwMDAwMDAwMCwidXBkYXRlIjoxODAwMDAwMDAwMDAwfX0=",
          "dependencies": [
            "azurerm_resource_group.this",
            "module.monitoring.azurerm_log_analytics_workspace.this",
            "module.vm.azurerm_linux_virtual_machine.this",
            "module.vm.azurerm_network_interface.this",
            "module.vm.azurerm_public_ip.bastion",
            "module.vnet.azurerm_network_ddos_protection_plan.this",
            "module.vnet.azurerm_subnet.app",
            "module.vnet.azurerm_virtual_network.this"
          ]
        }
      ]
    },
    {
      "module": "module.monitoring",
      "mode": "managed",
      "type": "azurerm_security_center_contact",
      "name": "admin_alert",
      "provider": "provider[\"registry.terraform.io/hashicorp/azurerm\"]",
      "instances": [
        {
          "schema_version": 0,
          "attributes": {
            "alert_notifications": true,
            "alerts_to_admins": true,
            "email": "ashabul.elaph@bjitgroup.com",
            "id": "/subscriptions/8cbe2d42-5cde-4551-9e4d-dde06c043c64/providers/Microsoft.Security/securityContacts/default1",
            "phone": "",
            "timeouts": null
          },
          "sensitive_attributes": [],
          "private": "eyJlMmJmYjczMC1lY2FhLTExZTYtOGY4OC0zNDM2M2JjN2M0YzAiOnsiY3JlYXRlIjozNjAwMDAwMDAwMDAwLCJkZWxldGUiOjM2MDAwMDAwMDAwMDAsInJlYWQiOjMwMDAwMDAwMDAwMCwidXBkYXRlIjozNjAwMDAwMDAwMDAwfX0="
        }
      ]
    },
    {
      "module": "module.monitoring",
      "mode": "managed",
      "type": "azurerm_security_center_subscription_pricing",
      "name": "standard",
      "provider": "provider[\"registry.terraform.io/hashicorp/azurerm\"]",
      "instances": [
        {
          "schema_version": 1,
          "attributes": {
            "id": "/subscriptions/8cbe2d42-5cde-4551-9e4d-dde06c043c64/providers/Microsoft.Security/pricings/VirtualMachines",
            "resource_type": "VirtualMachines",
            "tier": "Standard",
            "timeouts": null
          },
          "sensitive_attributes": [],
          "private": "eyJlMmJmYjczMC1lY2FhLTExZTYtOGY4OC0zNDM2M2JjN2M0YzAiOnsiY3JlYXRlIjozNjAwMDAwMDAwMDAwLCJkZWxldGUiOjM2MDAwMDAwMDAwMDAsInJlYWQiOjMwMDAwMDAwMDAwMCwidXBkYXRlIjozNjAwMDAwMDAwMDAwfSwic2NoZW1hX3ZlcnNpb24iOiIxIn0="
        }
      ]
    },
    {
      "module": "module.rbac",
      "mode": "managed",
      "type": "azurerm_role_assignment",
      "name": "kv_admin",
      "provider": "provider[\"registry.terraform.io/hashicorp/azurerm\"]",
      "instances": [
        {
          "schema_version": 0,
          "attributes": {
            "condition": "",
            "condition_version": "",
            "delegated_managed_identity_resource_id": "",
            "description": "",
            "id": "/subscriptions/8cbe2d42-5cde-4551-9e4d-dde06c043c64/resourceGroups/rg-secureapp/providers/Microsoft.KeyVault/vaults/secureapp-kv/providers/Microsoft.Authorization/roleAssignments/970aefc3-4d6d-de12-eea1-a51e417c2a37",
            "name": "970aefc3-4d6d-de12-eea1-a51e417c2a37",
            "principal_id": "81e38f7d-2bc0-47c2-abff-8a2722a94105",
            "principal_type": "User",
            "role_definition_id": "/subscriptions/8cbe2d42-5cde-4551-9e4d-dde06c043c64/providers/Microsoft.Authorization/roleDefinitions/00482a5a-887f-4fb3-b363-3b7fe8e74483",
            "role_definition_name": "Key Vault Administrator",
            "scope": "/subscriptions/8cbe2d42-5cde-4551-9e4d-dde06c043c64/resourceGroups/rg-secureapp/providers/Microsoft.KeyVault/vaults/secureapp-kv",
            "skip_service_principal_aad_check": null,
            "timeouts": null
          },
          "sensitive_attributes": [],
          "private": "eyJlMmJmYjczMC1lY2FhLTExZTYtOGY4OC0zNDM2M2JjN2M0YzAiOnsiY3JlYXRlIjoxODAwMDAwMDAwMDAwLCJkZWxldGUiOjE4MDAwMDAwMDAwMDAsInJlYWQiOjMwMDAwMDAwMDAwMCwidXBkYXRlIjoxODAwMDAwMDAwMDAwfX0=",
          "dependencies": [
            "azurerm_resource_group.this",
            "data.azurerm_client_config.current",
            "module.keyvault.azurerm_key_vault.this"
          ]
        }
      ]
    },
    {
      "module": "module.rbac",
      "mode": "managed",
      "type": "azurerm_role_assignment",
      "name": "vm_admin",
      "provider": "provider[\"registry.terraform.io/hashicorp/azurerm\"]",
      "instances": [
        {
          "schema_version": 0,
          "attributes": {
            "condition": "",
            "condition_version": "",
            "delegated_managed_identity_resource_id": "",
            "description": "",
            "id": "/subscriptions/8cbe2d42-5cde-4551-9e4d-dde06c043c64/resourceGroups/rg-secureapp/providers/Microsoft.Compute/virtualMachines/secureapp-vm/providers/Microsoft.Authorization/roleAssignments/ea88f0e8-d387-c07d-fd00-7fb5cd825887",
            "name": "ea88f0e8-d387-c07d-fd00-7fb5cd825887",
            "principal_id": "81e38f7d-2bc0-47c2-abff-8a2722a94105",
            "principal_type": "User",
            "role_definition_id": "/subscriptions/8cbe2d42-5cde-4551-9e4d-dde06c043c64/providers/Microsoft.Authorization/roleDefinitions/1c0163c0-47e6-4577-8991-ea5c82e286e4",
            "role_definition_name": "Virtual Machine Administrator Login",
            "scope": "/subscriptions/8cbe2d42-5cde-4551-9e4d-dde06c043c64/resourceGroups/rg-secureapp/providers/Microsoft.Compute/virtualMachines/secureapp-vm",
            "skip_service_principal_aad_check": null,
            "timeouts": null
          },
          "sensitive_attributes": [],
          "private": "eyJlMmJmYjczMC1lY2FhLTExZTYtOGY4OC0zNDM2M2JjN2M0YzAiOnsiY3JlYXRlIjoxODAwMDAwMDAwMDAwLCJkZWxldGUiOjE4MDAwMDAwMDAwMDAsInJlYWQiOjMwMDAwMDAwMDAwMCwidXBkYXRlIjoxODAwMDAwMDAwMDAwfX0=",
          "dependencies": [
            "azurerm_resource_group.this",
            "module.vm.azurerm_linux_virtual_machine.this",
            "module.vm.azurerm_network_interface.this",
            "module.vm.azurerm_public_ip.bastion",
            "module.vnet.azurerm_network_ddos_protection_plan.this",
            "module.vnet.azurerm_subnet.app",
            "module.vnet.azurerm_virtual_network.this"
          ]
        }
      ]
    },
    {
      "module": "module.vm",
      "mode": "managed",
      "type": "azurerm_linux_virtual_machine",
      "name": "this",
      "provider": "provider[\"registry.terraform.io/hashicorp/azurerm\"]",
      "instances": [
        {
          "schema_version": 0,
          "attributes": {
            "additional_capabilities": [],
            "admin_password": null,
            "admin_ssh_key": [
              {
                "public_key": "ssh-rsa AAAAB3NzaC1yc2EAAAADAQABAAACAQCQcIvIlpUAN+C/IyRga89KM3irsStJv9V5Uov7wxcUgkuyzxn+ao/euLMziyfuTv7Ah5fpYhcbBgc4HiLq7X0o0P6HHX2kZcj6yAIEDJknK+alOuPDCMTcpS9VOMLSZLjm9IGgKX3LvmzAThMzLdn0c2IVuF+mN35fRVhhvDrlo/bel8iszP1uch/pwxSvW3AQqBwRAR0g7qnbAJjadd7hV2U9pl8HEH6J3oqYRCKjt1vTIMuiZLeCnnUUzXQd21yDL7nt7oLkYMB9W3g+heHMwbTrCy2WyqODh5sMXE87TtaBclrIiekN6ZbJHHDRkNxsNBXspaKDOt/9rHemf6FafP0ef3nAovAuQiqDvUKW1+6x97b4LTlCe/ljvjX+NdX5Ldv4G/k9S11hOvCQBCkW5LnLYCZ2cE02oOKUzCgXpioCryFV9Pp2Py9Tc9T8M+/yAknUehBgShYDBAGt+H1lqeBAv4VXODZZ1rmh9VDoUquQRHogWqjlvCLQSSLLLv3uL2mv98ymMwf6Xek7vqes03wUzdd62ca44ln5JOvuSSRA8Vxf6GIyBszMrkuqhpPpF0L2v/BtHd1ThVECckTuHuGdvqq+zKuLztw/Pe0tqOeajOJkTmc3VDIHnFhflgSaOhNoRTAC1jIlhmGplvPFqTC8Pwhk5dpaxIauLTrPqw== ashabul.elaph@bjitgroup.com",
                "username": "adminuser"
              }
            ],
            "admin_username": "adminuser",
            "allow_extension_operations": true,
            "availability_set_id": "",
            "boot_diagnostics": [],
            "computer_name": "secureapp-vm",
            "custom_data": "IyEvYmluL2Jhc2gKCiMgRXhpdCBvbiBlcnJvcgpzZXQgLWUKCiMgVXBkYXRlIHBhY2thZ2VzCnN1ZG8gYXB0LWdldCB1cGRhdGUgLXkKCiMgSW5zdGFsbCBOZ2lueApzdWRvIGFwdC1nZXQgaW5zdGFsbCBuZ2lueCAteQoKIyBDcmVhdGUgSGVsbG8gV29ybGQgSFRNTApjYXQgPDxFT0YgfCBzdWRvIHRlZSAvdmFyL3d3dy9odG1sL2luZGV4Lmh0bWwKPGh0bWw+CiAgPGhlYWQ+PHRpdGxlPkhlbGxvIFdvcmxkPC90aXRsZT48L2hlYWQ+CiAgPGJvZHk+CiAgICA8aDE+SGVsbG8gV29ybGQgZnJvbSBBenVyZSBWTSE8L2gxPgogIDwvYm9keT4KPC9odG1sPgpFT0YKCiMgRW5hYmxlIGFuZCBzdGFydCBOZ2lueApzdWRvIHN5c3RlbWN0bCBlbmFibGUgbmdpbngKc3VkbyBzeXN0ZW1jdGwgcmVzdGFydCBuZ2lueAo=",
            "dedicated_host_group_id": "",
            "dedicated_host_id": "",
            "disable_password_authentication": true,
            "edge_zone": "",
            "encryption_at_host_enabled": false,
            "eviction_policy": "",
            "extensions_time_budget": "PT1H30M",
            "id": "/subscriptions/8cbe2d42-5cde-4551-9e4d-dde06c043c64/resourceGroups/rg-secureapp/providers/Microsoft.Compute/virtualMachines/secureapp-vm",
            "identity": [
              {
                "identity_ids": null,
                "principal_id": "dbd71b6c-afff-4c6f-9a1d-d91fad686f40",
                "tenant_id": "9b81eef9-27e0-40b9-a26b-1c5e4eb5b1ba",
                "type": "SystemAssigned"
              }
            ],
            "license_type": "",
            "location": "eastus",
            "max_bid_price": -1,
            "name": "secureapp-vm",
            "network_interface_ids": [
              "/subscriptions/8cbe2d42-5cde-4551-9e4d-dde06c043c64/resourceGroups/rg-secureapp/providers/Microsoft.Network/networkInterfaces/secureapp-nic"
            ],
            "os_disk": [
              {
                "caching": "ReadWrite",
                "diff_disk_settings": [],
                "disk_encryption_set_id": "",
                "disk_size_gb": 30,
                "name": "secureapp-osdisk",
                "secure_vm_disk_encryption_set_id": "",
                "security_encryption_type": "",
                "storage_account_type": "Standard_LRS",
                "write_accelerator_enabled": false
              }
            ],
            "patch_mode": "ImageDefault",
            "plan": [],
            "platform_fault_domain": -1,
            "priority": "Regular",
            "private_ip_address": "10.0.1.4",
            "private_ip_addresses": [
              "10.0.1.4"
            ],
            "provision_vm_agent": true,
            "proximity_placement_group_id": "",
            "public_ip_address": "172.191.135.40",
            "public_ip_addresses": [
              "172.191.135.40"
            ],
            "resource_group_name": "rg-secureapp",
            "secret": [],
            "secure_boot_enabled": false,
            "size": "Standard_B1s",
            "source_image_id": "",
            "source_image_reference": [
              {
                "offer": "0001-com-ubuntu-server-jammy",
                "publisher": "Canonical",
                "sku": "22_04-lts",
                "version": "latest"
              }
            ],
            "tags": {
              "environment": "production"
            },
            "termination_notification": null,
            "timeouts": null,
            "user_data": "",
            "virtual_machine_id": "44aedff5-555b-4e24-8c52-98378046a200",
            "virtual_machine_scale_set_id": "",
            "vtpm_enabled": false,
            "zone": ""
          },
          "sensitive_attributes": [
            [
              {
                "type": "get_attr",
                "value": "custom_data"
              }
            ],
            [
              {
                "type": "get_attr",
                "value": "admin_password"
              }
            ]
          ],
          "private": "eyJlMmJmYjczMC1lY2FhLTExZTYtOGY4OC0zNDM2M2JjN2M0YzAiOnsiY3JlYXRlIjoyNzAwMDAwMDAwMDAwLCJkZWxldGUiOjI3MDAwMDAwMDAwMDAsInJlYWQiOjMwMDAwMDAwMDAwMCwidXBkYXRlIjoyNzAwMDAwMDAwMDAwfX0=",
          "dependencies": [
            "azurerm_resource_group.this",
            "module.vm.azurerm_network_interface.this",
            "module.vm.azurerm_public_ip.bastion",
            "module.vnet.azurerm_network_ddos_protection_plan.this",
            "module.vnet.azurerm_subnet.app",
            "module.vnet.azurerm_virtual_network.this"
          ]
        }
      ]
    },
    {
      "module": "module.vm",
      "mode": "managed",
      "type": "azurerm_network_interface",
      "name": "this",
      "provider": "provider[\"registry.terraform.io/hashicorp/azurerm\"]",
      "instances": [
        {
          "schema_version": 0,
          "attributes": {
            "applied_dns_servers": [],
            "dns_servers": [],
            "edge_zone": "",
            "enable_accelerated_networking": false,
            "enable_ip_forwarding": false,
            "id": "/subscriptions/8cbe2d42-5cde-4551-9e4d-dde06c043c64/resourceGroups/rg-secureapp/providers/Microsoft.Network/networkInterfaces/secureapp-nic",
            "internal_dns_name_label": "",
            "internal_domain_name_suffix": "jq5pyz2irv2ezpwci5ay3fqxaf.bx.internal.cloudapp.net",
            "ip_configuration": [
              {
                "gateway_load_balancer_frontend_ip_configuration_id": "",
                "name": "internal",
                "primary": true,
                "private_ip_address": "10.0.1.4",
                "private_ip_address_allocation": "Dynamic",
                "private_ip_address_version": "IPv4",
                "public_ip_address_id": "/subscriptions/8cbe2d42-5cde-4551-9e4d-dde06c043c64/resourceGroups/rg-secureapp/providers/Microsoft.Network/publicIPAddresses/secureapp-bastion-pip",
                "subnet_id": "/subscriptions/8cbe2d42-5cde-4551-9e4d-dde06c043c64/resourceGroups/rg-secureapp/providers/Microsoft.Network/virtualNetworks/secureapp-vnet/subnets/app-subnet"
              }
            ],
            "location": "eastus",
            "mac_address": "",
            "name": "secureapp-nic",
            "private_ip_address": "10.0.1.4",
            "private_ip_addresses": [
              "10.0.1.4"
            ],
            "resource_group_name": "rg-secureapp",
            "tags": null,
            "timeouts": null,
            "virtual_machine_id": ""
          },
          "sensitive_attributes": [],
          "private": "eyJlMmJmYjczMC1lY2FhLTExZTYtOGY4OC0zNDM2M2JjN2M0YzAiOnsiY3JlYXRlIjoxODAwMDAwMDAwMDAwLCJkZWxldGUiOjE4MDAwMDAwMDAwMDAsInJlYWQiOjMwMDAwMDAwMDAwMCwidXBkYXRlIjoxODAwMDAwMDAwMDAwfX0=",
          "dependencies": [
            "azurerm_resource_group.this",
            "module.vm.azurerm_public_ip.bastion",
            "module.vnet.azurerm_network_ddos_protection_plan.this",
            "module.vnet.azurerm_subnet.app",
            "module.vnet.azurerm_virtual_network.this"
          ]
        }
      ]
    },
    {
      "module": "module.vm",
      "mode": "managed",
      "type": "azurerm_network_interface_security_group_association",
      "name": "this",
      "provider": "provider[\"registry.terraform.io/hashicorp/azurerm\"]",
      "instances": [
        {
          "schema_version": 0,
          "attributes": {
            "id": "/subscriptions/8cbe2d42-5cde-4551-9e4d-dde06c043c64/resourceGroups/rg-secureapp/providers/Microsoft.Network/networkInterfaces/secureapp-nic|/subscriptions/8cbe2d42-5cde-4551-9e4d-dde06c043c64/resourceGroups/rg-secureapp/providers/Microsoft.Network/networkSecurityGroups/secureapp-nsg",
            "network_interface_id": "/subscriptions/8cbe2d42-5cde-4551-9e4d-dde06c043c64/resourceGroups/rg-secureapp/providers/Microsoft.Network/networkInterfaces/secureapp-nic",
            "network_security_group_id": "/subscriptions/8cbe2d42-5cde-4551-9e4d-dde06c043c64/resourceGroups/rg-secureapp/providers/Microsoft.Network/networkSecurityGroups/secureapp-nsg",
            "timeouts": null
          },
          "sensitive_attributes": [],
          "private": "eyJlMmJmYjczMC1lY2FhLTExZTYtOGY4OC0zNDM2M2JjN2M0YzAiOnsiY3JlYXRlIjoxODAwMDAwMDAwMDAwLCJkZWxldGUiOjE4MDAwMDAwMDAwMDAsInJlYWQiOjMwMDAwMDAwMDAwMCwidXBkYXRlIjoxODAwMDAwMDAwMDAwfX0=",
          "dependencies": [
            "azurerm_resource_group.this",
            "module.vm.azurerm_network_interface.this",
            "module.vm.azurerm_network_security_group.this",
            "module.vm.azurerm_public_ip.bastion",
            "module.vnet.azurerm_network_ddos_protection_plan.this",
            "module.vnet.azurerm_subnet.app",
            "module.vnet.azurerm_virtual_network.this"
          ]
        }
      ]
    },
    {
      "module": "module.vm",
      "mode": "managed",
      "type": "azurerm_network_security_group",
      "name": "this",
      "provider": "provider[\"registry.terraform.io/hashicorp/azurerm\"]",
      "instances": [
        {
          "schema_version": 0,
          "attributes": {
            "id": "/subscriptions/8cbe2d42-5cde-4551-9e4d-dde06c043c64/resourceGroups/rg-secureapp/providers/Microsoft.Network/networkSecurityGroups/secureapp-nsg",
            "location": "eastus",
            "name": "secureapp-nsg",
            "resource_group_name": "rg-secureapp",
            "security_rule": [
              {
                "access": "Allow",
                "description": "",
                "destination_address_prefix": "*",
                "destination_address_prefixes": [],
                "destination_application_security_group_ids": [],
                "destination_port_range": "22",
                "destination_port_ranges": [],
                "direction": "Inbound",
                "name": "SSH",
                "priority": 1001,
                "protocol": "Tcp",
                "source_address_prefix": "",
                "source_address_prefixes": [
                  "103.197.206.34/32",
                  "192.168.81.0/24"
                ],
                "source_application_security_group_ids": [],
                "source_port_range": "*",
                "source_port_ranges": []
              },
              {
                "access": "Allow",
                "description": "",
                "destination_address_prefix": "*",
                "destination_address_prefixes": [],
                "destination_application_security_group_ids": [],
                "destination_port_range": "80",
                "destination_port_ranges": [],
                "direction": "Inbound",
                "name": "HTTP",
                "priority": 1002,
                "protocol": "Tcp",
                "source_address_prefix": "*",
                "source_address_prefixes": [],
                "source_application_security_group_ids": [],
                "source_port_range": "*",
                "source_port_ranges": []
              },
              {
                "access": "Deny",
                "description": "",
                "destination_address_prefix": "*",
                "destination_address_prefixes": [],
                "destination_application_security_group_ids": [],
                "destination_port_range": "*",
                "destination_port_ranges": [],
                "direction": "Inbound",
                "name": "DenyAllInbound",
                "priority": 4096,
                "protocol": "*",
                "source_address_prefix": "*",
                "source_address_prefixes": [],
                "source_application_security_group_ids": [],
                "source_port_range": "*",
                "source_port_ranges": []
              }
            ],
            "tags": null,
            "timeouts": null
          },
          "sensitive_attributes": [],
          "private": "eyJlMmJmYjczMC1lY2FhLTExZTYtOGY4OC0zNDM2M2JjN2M0YzAiOnsiY3JlYXRlIjoxODAwMDAwMDAwMDAwLCJkZWxldGUiOjE4MDAwMDAwMDAwMDAsInJlYWQiOjMwMDAwMDAwMDAwMCwidXBkYXRlIjoxODAwMDAwMDAwMDAwfX0=",
          "dependencies": [
            "azurerm_resource_group.this"
          ]
        }
      ]
    },
    {
      "module": "module.vm",
      "mode": "managed",
      "type": "azurerm_public_ip",
      "name": "bastion",
      "provider": "provider[\"registry.terraform.io/hashicorp/azurerm\"]",
      "instances": [
        {
          "schema_version": 0,
          "attributes": {
            "allocation_method": "Static",
            "domain_name_label": null,
            "edge_zone": "",
            "fqdn": null,
            "id": "/subscriptions/8cbe2d42-5cde-4551-9e4d-dde06c043c64/resourceGroups/rg-secureapp/providers/Microsoft.Network/publicIPAddresses/secureapp-bastion-pip",
            "idle_timeout_in_minutes": 4,
            "ip_address": "172.191.135.40",
            "ip_tags": null,
            "ip_version": "IPv4",
            "location": "eastus",
            "name": "secureapp-bastion-pip",
            "public_ip_prefix_id": null,
            "resource_group_name": "rg-secureapp",
            "reverse_fqdn": null,
            "sku": "Standard",
            "sku_tier": "Regional",
            "tags": null,
            "timeouts": null,
            "zones": null
          },
          "sensitive_attributes": [],
          "private": "eyJlMmJmYjczMC1lY2FhLTExZTYtOGY4OC0zNDM2M2JjN2M0YzAiOnsiY3JlYXRlIjoxODAwMDAwMDAwMDAwLCJkZWxldGUiOjE4MDAwMDAwMDAwMDAsInJlYWQiOjMwMDAwMDAwMDAwMCwidXBkYXRlIjoxODAwMDAwMDAwMDAwfX0=",
          "dependencies": [
            "azurerm_resource_group.this"
          ]
        }
      ]
    },
    {
      "module": "module.vnet",
      "mode": "managed",
      "type": "azurerm_network_ddos_protection_plan",
      "name": "this",
      "provider": "provider[\"registry.terraform.io/hashicorp/azurerm\"]",
      "instances": [
        {
          "schema_version": 0,
          "attributes": {
            "id": "/subscriptions/8cbe2d42-5cde-4551-9e4d-dde06c043c64/resourceGroups/rg-secureapp/providers/Microsoft.Network/ddosProtectionPlans/secureapp-ddos-plan",
            "location": "eastus",
            "name": "secureapp-ddos-plan",
            "resource_group_name": "rg-secureapp",
            "tags": null,
            "timeouts": null,
            "virtual_network_ids": []
          },
          "sensitive_attributes": [],
          "private": "eyJlMmJmYjczMC1lY2FhLTExZTYtOGY4OC0zNDM2M2JjN2M0YzAiOnsiY3JlYXRlIjoxODAwMDAwMDAwMDAwLCJkZWxldGUiOjE4MDAwMDAwMDAwMDAsInJlYWQiOjMwMDAwMDAwMDAwMCwidXBkYXRlIjoxODAwMDAwMDAwMDAwfX0=",
          "dependencies": [
            "azurerm_resource_group.this"
          ]
        }
      ]
    },
    {
      "module": "module.vnet",
      "mode": "managed",
      "type": "azurerm_subnet",
      "name": "app",
      "provider": "provider[\"registry.terraform.io/hashicorp/azurerm\"]",
      "instances": [
        {
          "schema_version": 0,
          "attributes": {
            "address_prefixes": [
              "10.0.1.0/24"
            ],
            "delegation": [],
            "enforce_private_link_endpoint_network_policies": false,
            "enforce_private_link_service_network_policies": false,
            "id": "/subscriptions/8cbe2d42-5cde-4551-9e4d-dde06c043c64/resourceGroups/rg-secureapp/providers/Microsoft.Network/virtualNetworks/secureapp-vnet/subnets/app-subnet",
            "name": "app-subnet",
            "resource_group_name": "rg-secureapp",
            "service_endpoint_policy_ids": null,
            "service_endpoints": null,
            "timeouts": null,
            "virtual_network_name": "secureapp-vnet"
          },
          "sensitive_attributes": [],
          "private": "eyJlMmJmYjczMC1lY2FhLTExZTYtOGY4OC0zNDM2M2JjN2M0YzAiOnsiY3JlYXRlIjoxODAwMDAwMDAwMDAwLCJkZWxldGUiOjE4MDAwMDAwMDAwMDAsInJlYWQiOjMwMDAwMDAwMDAwMCwidXBkYXRlIjoxODAwMDAwMDAwMDAwfX0=",
          "dependencies": [
            "azurerm_resource_group.this",
            "module.vnet.azurerm_network_ddos_protection_plan.this",
            "module.vnet.azurerm_virtual_network.this"
          ]
        }
      ]
    },
    {
      "module": "module.vnet",
      "mode": "managed",
      "type": "azurerm_virtual_network",
      "name": "this",
      "provider": "provider[\"registry.terraform.io/hashicorp/azurerm\"]",
      "instances": [
        {
          "schema_version": 0,
          "attributes": {
            "address_space": [
              "10.0.0.0/16"
            ],
            "bgp_community": "",
            "ddos_protection_plan": [
              {
                "enable": true,
                "id": "/subscriptions/8cbe2d42-5cde-4551-9e4d-dde06c043c64/resourceGroups/rg-secureapp/providers/Microsoft.Network/ddosProtectionPlans/secureapp-ddos-plan"
              }
            ],
            "dns_servers": [],
            "edge_zone": "",
            "flow_timeout_in_minutes": 0,
            "guid": "67fc3e4c-8d88-4c78-bec2-47c18e961705",
            "id": "/subscriptions/8cbe2d42-5cde-4551-9e4d-dde06c043c64/resourceGroups/rg-secureapp/providers/Microsoft.Network/virtualNetworks/secureapp-vnet",
            "location": "eastus",
            "name": "secureapp-vnet",
            "resource_group_name": "rg-secureapp",
            "subnet": [],
            "tags": null,
            "timeouts": null
          },
          "sensitive_attributes": [],
          "private": "eyJlMmJmYjczMC1lY2FhLTExZTYtOGY4OC0zNDM2M2JjN2M0YzAiOnsiY3JlYXRlIjoxODAwMDAwMDAwMDAwLCJkZWxldGUiOjE4MDAwMDAwMDAwMDAsInJlYWQiOjMwMDAwMDAwMDAwMCwidXBkYXRlIjoxODAwMDAwMDAwMDAwfX0=",
          "dependencies": [
            "azurerm_resource_group.this",
            "module.vnet.azurerm_network_ddos_protection_plan.this"
          ]
        }
      ]
    }
  ],
  "check_results": null
}
